
Microsoft Visual Studio Solution File, Format Version 12.00
# Visual Studio Version 16
VisualStudioVersion = 16.0.31313.79
MinimumVisualStudioVersion = 10.0.40219.1
Project("{FAE04EC0-301F-11D3-BF4B-00C04F79EFBC}") = "NetsLab", "NetsLab\NetsLab.csproj", "{C4F33B9E-EDC2-4952-8DCC-58031420754B}"
EndProject
Global
	GlobalSection(SolutionConfigurationPlatforms) = preSolution
		Debug|Any CPU = Debug|Any CPU
		Release|Any CPU = Release|Any CPU
	EndGlobalSection
	GlobalSection(ProjectConfigurationPlatforms) = postSolution
		{C4F33B9E-EDC2-4952-8DCC-58031420754B}.Debug|Any CPU.ActiveCfg = Debug|Any CPU
		{C4F33B9E-EDC2-4952-8DCC-58031420754B}.Debug|Any CPU.Build.0 = Debug|Any CPU
		{C4F33B9E-EDC2-4952-8DCC-58031420754B}.Release|Any CPU.ActiveCfg = Release|Any CPU
		{C4F33B9E-EDC2-4952-8DCC-58031420754B}.Release|Any CPU.Build.0 = Release|Any CPU
	EndGlobalSection
	GlobalSection(SolutionProperties) = preSolution
		HideSolutionNode = FALSE
	EndGlobalSection
	GlobalSection(ExtensibilityGlobals) = postSolution
		SolutionGuid = {F7DA9333-E94E-458C-BD71-A430B79E6179}
	EndGlobalSection
EndGlobal
